
Microsoft Visual Studio Solution File, Format Version 12.00
# Visual Studio Version 16
VisualStudioVersion = 16.0.29215.179
MinimumVisualStudioVersion = 10.0.40219.1
Project("{FAE04EC0-301F-11D3-BF4B-00C04F79EFBC}") = "metod 2", "metod 2\metod 2.csproj", "{29AAB149-7B9E-4ED5-97AB-C8979362FDC4}"
EndProject
Global
	GlobalSection(SolutionConfigurationPlatforms) = preSolution
		Debug|Any CPU = Debug|Any CPU
		Release|Any CPU = Release|Any CPU
	EndGlobalSection
	GlobalSection(ProjectConfigurationPlatforms) = postSolution
		{29AAB149-7B9E-4ED5-97AB-C8979362FDC4}.Debug|Any CPU.ActiveCfg = Debug|Any CPU
		{29AAB149-7B9E-4ED5-97AB-C8979362FDC4}.Debug|Any CPU.Build.0 = Debug|Any CPU
		{29AAB149-7B9E-4ED5-97AB-C8979362FDC4}.Release|Any CPU.ActiveCfg = Release|Any CPU
		{29AAB149-7B9E-4ED5-97AB-C8979362FDC4}.Release|Any CPU.Build.0 = Release|Any CPU
	EndGlobalSection
	GlobalSection(SolutionProperties) = preSolution
		HideSolutionNode = FALSE
	EndGlobalSection
	GlobalSection(ExtensibilityGlobals) = postSolution
		SolutionGuid = {1CCF2257-11A0-4D54-977E-BD519D1FBB2E}
	EndGlobalSection
EndGlobal
